Microsoft Visual Studio Solution File, Format Version 11.00
# Visual Studio 2010
Project("{FAE04EC0-301F-11D3-BF4B-00C04F79EFBC}") = "E3428", "E3428\E3428.csproj", "{87E6F642-6814-44B5-957B-0D242B151A6B}"
EndProject
Project("{FAE04EC0-301F-11D3-BF4B-00C04F79EFBC}") = "E3428.Web", "E3428.Web\E3428.Web.csproj", "{90210A11-B64F-4F2E-A5D1-2477D8B5130C}"
EndProject
Global
	GlobalSection(SolutionConfigurationPlatforms) = preSolution
		Debug|Any CPU = Debug|Any CPU
		Release|Any CPU = Release|Any CPU
	EndGlobalSection
	GlobalSection(ProjectConfigurationPlatforms) = postSolution
		{87E6F642-6814-44B5-957B-0D242B151A6B}.Debug|Any CPU.ActiveCfg = Debug|Any CPU
		{87E6F642-6814-44B5-957B-0D242B151A6B}.Debug|Any CPU.Build.0 = Debug|Any CPU
		{87E6F642-6814-44B5-957B-0D242B151A6B}.Release|Any CPU.ActiveCfg = Release|Any CPU
		{87E6F642-6814-44B5-957B-0D242B151A6B}.Release|Any CPU.Build.0 = Release|Any CPU
		{90210A11-B64F-4F2E-A5D1-2477D8B5130C}.Debug|Any CPU.ActiveCfg = Debug|Any CPU
		{90210A11-B64F-4F2E-A5D1-2477D8B5130C}.Debug|Any CPU.Build.0 = Debug|Any CPU
		{90210A11-B64F-4F2E-A5D1-2477D8B5130C}.Release|Any CPU.ActiveCfg = Release|Any CPU
		{90210A11-B64F-4F2E-A5D1-2477D8B5130C}.Release|Any CPU.Build.0 = Release|Any CPU
	EndGlobalSection
	GlobalSection(SolutionProperties) = preSolution
		HideSolutionNode = FALSE
	EndGlobalSection
EndGlobal
